
Microsoft Visual Studio Solution File, Format Version 12.00
# Visual Studio Version 17
VisualStudioVersion = 17.8.34330.188
MinimumVisualStudioVersion = 10.0.40219.1
Project("{9A19103F-16F7-4668-BE54-9A1E7A4F7556}") = "Entities", "Entities\Entities.csproj", "{21897D10-26C0-4CA7-8634-07CC97F63670}"
EndProject
Project("{9A19103F-16F7-4668-BE54-9A1E7A4F7556}") = "DataAccess", "DataAccess\DataAccess.csproj", "{79157863-ACBC-48A9-99FC-8EEC1DA767C5}"
EndProject
Project("{9A19103F-16F7-4668-BE54-9A1E7A4F7556}") = "Business", "Business\Business.csproj", "{DB340585-ECA2-44C3-A8FF-74A6419BFA4B}"
EndProject
Project("{9A19103F-16F7-4668-BE54-9A1E7A4F7556}") = "WebAPI", "WebAPI\WebAPI.csproj", "{05B40F59-1891-4A50-AFE9-CD69CCC909FF}"
EndProject
Project("{9A19103F-16F7-4668-BE54-9A1E7A4F7556}") = "ConsoleUI", "ConsoleUI\ConsoleUI.csproj", "{3B85EEC1-B0C6-4C98-AA41-76F7475580B2}"
EndProject
Project("{9A19103F-16F7-4668-BE54-9A1E7A4F7556}") = "Core", "..\Core\Core.csproj", "{E00EE376-8A8C-4F94-8B0A-4680B0A39245}"
EndProject
Global
	GlobalSection(SolutionConfigurationPlatforms) = preSolution
		Debug|Any CPU = Debug|Any CPU
		Release|Any CPU = Release|Any CPU
	EndGlobalSection
	GlobalSection(ProjectConfigurationPlatforms) = postSolution
		{21897D10-26C0-4CA7-8634-07CC97F63670}.Debug|Any CPU.ActiveCfg = Debug|Any CPU
		{21897D10-26C0-4CA7-8634-07CC97F63670}.Debug|Any CPU.Build.0 = Debug|Any CPU
		{21897D10-26C0-4CA7-8634-07CC97F63670}.Release|Any CPU.ActiveCfg = Release|Any CPU
		{21897D10-26C0-4CA7-8634-07CC97F63670}.Release|Any CPU.Build.0 = Release|Any CPU
		{79157863-ACBC-48A9-99FC-8EEC1DA767C5}.Debug|Any CPU.ActiveCfg = Debug|Any CPU
		{79157863-ACBC-48A9-99FC-8EEC1DA767C5}.Debug|Any CPU.Build.0 = Debug|Any CPU
		{79157863-ACBC-48A9-99FC-8EEC1DA767C5}.Release|Any CPU.ActiveCfg = Release|Any CPU
		{79157863-ACBC-48A9-99FC-8EEC1DA767C5}.Release|Any CPU.Build.0 = Release|Any CPU
		{DB340585-ECA2-44C3-A8FF-74A6419BFA4B}.Debug|Any CPU.ActiveCfg = Debug|Any CPU
		{DB340585-ECA2-44C3-A8FF-74A6419BFA4B}.Debug|Any CPU.Build.0 = Debug|Any CPU
		{DB340585-ECA2-44C3-A8FF-74A6419BFA4B}.Release|Any CPU.ActiveCfg = Release|Any CPU
		{DB340585-ECA2-44C3-A8FF-74A6419BFA4B}.Release|Any CPU.Build.0 = Release|Any CPU
		{05B40F59-1891-4A50-AFE9-CD69CCC909FF}.Debug|Any CPU.ActiveCfg = Debug|Any CPU
		{05B40F59-1891-4A50-AFE9-CD69CCC909FF}.Debug|Any CPU.Build.0 = Debug|Any CPU
		{05B40F59-1891-4A50-AFE9-CD69CCC909FF}.Release|Any CPU.ActiveCfg = Release|Any CPU
		{05B40F59-1891-4A50-AFE9-CD69CCC909FF}.Release|Any CPU.Build.0 = Release|Any CPU
		{3B85EEC1-B0C6-4C98-AA41-76F7475580B2}.Debug|Any CPU.ActiveCfg = Debug|Any CPU
		{3B85EEC1-B0C6-4C98-AA41-76F7475580B2}.Debug|Any CPU.Build.0 = Debug|Any CPU
		{3B85EEC1-B0C6-4C98-AA41-76F7475580B2}.Release|Any CPU.ActiveCfg = Release|Any CPU
		{3B85EEC1-B0C6-4C98-AA41-76F7475580B2}.Release|Any CPU.Build.0 = Release|Any CPU
		{E00EE376-8A8C-4F94-8B0A-4680B0A39245}.Debug|Any CPU.ActiveCfg = Debug|Any CPU
		{E00EE376-8A8C-4F94-8B0A-4680B0A39245}.Debug|Any CPU.Build.0 = Debug|Any CPU
		{E00EE376-8A8C-4F94-8B0A-4680B0A39245}.Release|Any CPU.ActiveCfg = Release|Any CPU
		{E00EE376-8A8C-4F94-8B0A-4680B0A39245}.Release|Any CPU.Build.0 = Release|Any CPU
	EndGlobalSection
	GlobalSection(SolutionProperties) = preSolution
		HideSolutionNode = FALSE
	EndGlobalSection
	GlobalSection(ExtensibilityGlobals) = postSolution
		SolutionGuid = {43C7C230-13EB-4896-8406-62C1D36A017C}
	EndGlobalSection
EndGlobal
